
Microsoft Visual Studio Solution File, Format Version 11.00
# Visual Studio 2010
Project("{FAE04EC0-301F-11D3-BF4B-00C04F79EFBC}") = "TicketDesk", "TicketDesk\TicketDesk.csproj", "{C2F4A0B6-4ADA-499D-A2CB-9D2BC25514AE}"
EndProject
Project("{2CFEAB61-6A3B-4EB8-B523-560B4BEEF521}") = "TicketDesk.csproj_deploy", "TicketDesk.csproj_deploy\TicketDesk.csproj_deploy.wdproj", "{90585EB6-3A33-4070-8BD7-19F0F0D0C269}"
EndProject
Project("{FAE04EC0-301F-11D3-BF4B-00C04F79EFBC}") = "TicketDesk.Engine.Ajax.Extenders", "TicketDesk.Engine.Ajax.Extenders\TicketDesk.Engine.Ajax.Extenders.csproj", "{41563B8C-7269-4C1F-807D-FA7E07E83897}"
EndProject
Global
	GlobalSection(TeamFoundationVersionControl) = preSolution
		SccNumberOfProjects = 4
		SccEnterpriseProvider = {4CA58AB2-18FA-4F8D-95D4-32DDF27D184C}
		SccTeamFoundationServer = https://tfs.codeplex.com/tfs/tfs03
		SccLocalPath0 = .
		SccProjectUniqueName1 = TicketDesk\\TicketDesk.csproj
		SccProjectName1 = TicketDesk
		SccLocalPath1 = TicketDesk
		SccProjectUniqueName2 = TicketDesk.csproj_deploy\\TicketDesk.csproj_deploy.wdproj
		SccProjectName2 = TicketDesk.csproj_deploy
		SccLocalPath2 = TicketDesk.csproj_deploy
		SccProjectUniqueName3 = TicketDesk.Engine.Ajax.Extenders\\TicketDesk.Engine.Ajax.Extenders.csproj
		SccProjectName3 = TicketDesk.Engine.Ajax.Extenders
		SccLocalPath3 = TicketDesk.Engine.Ajax.Extenders
	EndGlobalSection
	GlobalSection(SolutionConfigurationPlatforms) = preSolution
		Debug|Any CPU = Debug|Any CPU
		EditablePreCompile|Any CPU = EditablePreCompile|Any CPU
		Release|Any CPU = Release|Any CPU
	EndGlobalSection
	GlobalSection(ProjectConfigurationPlatforms) = postSolution
		{C2F4A0B6-4ADA-499D-A2CB-9D2BC25514AE}.Debug|Any CPU.ActiveCfg = Debug|Any CPU
		{C2F4A0B6-4ADA-499D-A2CB-9D2BC25514AE}.Debug|Any CPU.Build.0 = Debug|Any CPU
		{C2F4A0B6-4ADA-499D-A2CB-9D2BC25514AE}.EditablePreCompile|Any CPU.ActiveCfg = Release|Any CPU
		{C2F4A0B6-4ADA-499D-A2CB-9D2BC25514AE}.EditablePreCompile|Any CPU.Build.0 = Release|Any CPU
		{C2F4A0B6-4ADA-499D-A2CB-9D2BC25514AE}.Release|Any CPU.ActiveCfg = Release|Any CPU
		{C2F4A0B6-4ADA-499D-A2CB-9D2BC25514AE}.Release|Any CPU.Build.0 = Release|Any CPU
		{90585EB6-3A33-4070-8BD7-19F0F0D0C269}.Debug|Any CPU.ActiveCfg = Debug|Any CPU
		{90585EB6-3A33-4070-8BD7-19F0F0D0C269}.EditablePreCompile|Any CPU.ActiveCfg = EditablePreCompile|Any CPU
		{90585EB6-3A33-4070-8BD7-19F0F0D0C269}.EditablePreCompile|Any CPU.Build.0 = EditablePreCompile|Any CPU
		{90585EB6-3A33-4070-8BD7-19F0F0D0C269}.Release|Any CPU.ActiveCfg = EditablePreCompile|Any CPU
		{90585EB6-3A33-4070-8BD7-19F0F0D0C269}.Release|Any CPU.Build.0 = EditablePreCompile|Any CPU
		{41563B8C-7269-4C1F-807D-FA7E07E83897}.Debug|Any CPU.ActiveCfg = Debug|Any CPU
		{41563B8C-7269-4C1F-807D-FA7E07E83897}.Debug|Any CPU.Build.0 = Debug|Any CPU
		{41563B8C-7269-4C1F-807D-FA7E07E83897}.EditablePreCompile|Any CPU.ActiveCfg = Release|Any CPU
		{41563B8C-7269-4C1F-807D-FA7E07E83897}.EditablePreCompile|Any CPU.Build.0 = Release|Any CPU
		{41563B8C-7269-4C1F-807D-FA7E07E83897}.Release|Any CPU.ActiveCfg = Release|Any CPU
		{41563B8C-7269-4C1F-807D-FA7E07E83897}.Release|Any CPU.Build.0 = Release|Any CPU
	EndGlobalSection
	GlobalSection(SolutionProperties) = preSolution
		HideSolutionNode = FALSE
	EndGlobalSection
EndGlobal
