
Microsoft Visual Studio Solution File, Format Version 10.00
# Visual Studio 2008
Project("{FAE04EC0-301F-11D3-BF4B-00C04F79EFBC}") = "TicketDesk", "TicketDesk\TicketDesk.csproj", "{C2F4A0B6-4ADA-499D-A2CB-9D2BC25514AE}"
EndProject
Project("{2CFEAB61-6A3B-4EB8-B523-560B4BEEF521}") = "TicketDesk.csproj_deploy", "TicketDesk.csproj_deploy\TicketDesk.csproj_deploy.wdproj", "{90585EB6-3A33-4070-8BD7-19F0F0D0C269}"
EndProject
Global
	GlobalSection(TeamFoundationVersionControl) = preSolution
		SccNumberOfProjects = 3
		SccEnterpriseProvider = {4CA58AB2-18FA-4F8D-95D4-32DDF27D184C}
		SccTeamFoundationServer = https://tfs03.codeplex.com/
		SccLocalPath0 = .
		SccProjectUniqueName1 = TicketDesk\\TicketDesk.csproj
		SccProjectName1 = TicketDesk
		SccLocalPath1 = TicketDesk
		SccProjectUniqueName2 = TicketDesk.csproj_deploy\\TicketDesk.csproj_deploy.wdproj
		SccProjectName2 = TicketDesk.csproj_deploy
		SccLocalPath2 = TicketDesk.csproj_deploy
	EndGlobalSection
	GlobalSection(SolutionConfigurationPlatforms) = preSolution
		Debug|Any CPU = Debug|Any CPU
		EditablePreCompile|Any CPU = EditablePreCompile|Any CPU
		FullPreCompile|Any CPU = FullPreCompile|Any CPU
		Release|Any CPU = Release|Any CPU
	EndGlobalSection
	GlobalSection(ProjectConfigurationPlatforms) = postSolution
		{C2F4A0B6-4ADA-499D-A2CB-9D2BC25514AE}.Debug|Any CPU.ActiveCfg = Debug|Any CPU
		{C2F4A0B6-4ADA-499D-A2CB-9D2BC25514AE}.Debug|Any CPU.Build.0 = Debug|Any CPU
		{C2F4A0B6-4ADA-499D-A2CB-9D2BC25514AE}.EditablePreCompile|Any CPU.ActiveCfg = Release|Any CPU
		{C2F4A0B6-4ADA-499D-A2CB-9D2BC25514AE}.EditablePreCompile|Any CPU.Build.0 = Release|Any CPU
		{C2F4A0B6-4ADA-499D-A2CB-9D2BC25514AE}.FullPreCompile|Any CPU.ActiveCfg = Release|Any CPU
		{C2F4A0B6-4ADA-499D-A2CB-9D2BC25514AE}.FullPreCompile|Any CPU.Build.0 = Release|Any CPU
		{C2F4A0B6-4ADA-499D-A2CB-9D2BC25514AE}.Release|Any CPU.ActiveCfg = Release|Any CPU
		{C2F4A0B6-4ADA-499D-A2CB-9D2BC25514AE}.Release|Any CPU.Build.0 = Release|Any CPU
		{90585EB6-3A33-4070-8BD7-19F0F0D0C269}.Debug|Any CPU.ActiveCfg = Debug|Any CPU
		{90585EB6-3A33-4070-8BD7-19F0F0D0C269}.EditablePreCompile|Any CPU.ActiveCfg = EditablePreCompile|Any CPU
		{90585EB6-3A33-4070-8BD7-19F0F0D0C269}.EditablePreCompile|Any CPU.Build.0 = EditablePreCompile|Any CPU
		{90585EB6-3A33-4070-8BD7-19F0F0D0C269}.FullPreCompile|Any CPU.ActiveCfg = FullPreCompile|Any CPU
		{90585EB6-3A33-4070-8BD7-19F0F0D0C269}.FullPreCompile|Any CPU.Build.0 = FullPreCompile|Any CPU
		{90585EB6-3A33-4070-8BD7-19F0F0D0C269}.Release|Any CPU.ActiveCfg = FullPreCompile|Any CPU
		{90585EB6-3A33-4070-8BD7-19F0F0D0C269}.Release|Any CPU.Build.0 = FullPreCompile|Any CPU
	EndGlobalSection
	GlobalSection(SolutionProperties) = preSolution
		HideSolutionNode = FALSE
	EndGlobalSection
EndGlobal
